
Microsoft Visual Studio Solution File, Format Version 12.00
# Visual Studio Version 16
VisualStudioVersion = 16.0.30717.126
MinimumVisualStudioVersion = 10.0.40219.1
Project("{FAE04EC0-301F-11D3-BF4B-00C04F79EFBC}") = "DownloadInternetFile", "DownloadInternetFile.csproj", "{2838485B-DC41-4FC1-9737-0FD1A5117899}"
EndProject
Global
	GlobalSection(SolutionConfigurationPlatforms) = preSolution
		Debug|Any CPU = Debug|Any CPU
		Release|Any CPU = Release|Any CPU
	EndGlobalSection
	GlobalSection(ProjectConfigurationPlatforms) = postSolution
		{2838485B-DC41-4FC1-9737-0FD1A5117899}.Debug|Any CPU.ActiveCfg = Debug|Any CPU
		{2838485B-DC41-4FC1-9737-0FD1A5117899}.Debug|Any CPU.Build.0 = Debug|Any CPU
		{2838485B-DC41-4FC1-9737-0FD1A5117899}.Release|Any CPU.ActiveCfg = Release|Any CPU
		{2838485B-DC41-4FC1-9737-0FD1A5117899}.Release|Any CPU.Build.0 = Release|Any CPU
	EndGlobalSection
	GlobalSection(SolutionProperties) = preSolution
		HideSolutionNode = FALSE
	EndGlobalSection
	GlobalSection(ExtensibilityGlobals) = postSolution
		SolutionGuid = {D580ECC6-6D12-4D84-A4DB-D349CFFFAD07}
	EndGlobalSection
EndGlobal
